
Microsoft Visual Studio Solution File, Format Version 12.00
# Visual Studio Version 17
VisualStudioVersion = 17.5.002.0
MinimumVisualStudioVersion = 10.0.40219.1
Project("{9A19103F-16F7-4668-BE54-9A1E7A4F7556}") = "Profile", "Profile/Profile.csproj", "{1E6E09E7-2E19-4BEA-A246-4384835958AF}"
EndProject
Global
	GlobalSection(SolutionConfigurationPlatforms) = preSolution
		Debug|Any CPU = Debug|Any CPU
		Release|Any CPU = Release|Any CPU
	EndGlobalSection
	GlobalSection(ProjectConfigurationPlatforms) = postSolution
		{1E6E09E7-2E19-4BEA-A246-4384835958AF}.Debug|Any CPU.ActiveCfg = Debug|Any CPU
		{1E6E09E7-2E19-4BEA-A246-4384835958AF}.Debug|Any CPU.Build.0 = Debug|Any CPU
		{1E6E09E7-2E19-4BEA-A246-4384835958AF}.Release|Any CPU.ActiveCfg = Release|Any CPU
		{1E6E09E7-2E19-4BEA-A246-4384835958AF}.Release|Any CPU.Build.0 = Release|Any CPU
	EndGlobalSection
	GlobalSection(SolutionProperties) = preSolution
		HideSolutionNode = FALSE
	EndGlobalSection
	GlobalSection(ExtensibilityGlobals) = postSolution
		SolutionGuid = {F1BF8B19-607E-4A69-AAEA-CD1FA65331D0}
	EndGlobalSection
EndGlobal
